// !$*UTF8*$!
{
	archiveVersion = 1;
	classes = {
	};
	objectVersion = 46;
	objects = {

/* Begin PBXBuildFile section */
		06F837B71D3671750092CEDF /* main.m in Sources */ = {isa = PBXBuildFile; fileRef = 06F837B61D3671750092CEDF /* main.m */; };
		06F837BA1D3671750092CEDF /* AppDelegate.m in Sources */ = {isa = PBXBuildFile; fileRef = 06F837B91D3671750092CEDF /* AppDelegate.m */; };
		06F837BD1D3671750092CEDF /* ViewController.m in Sources */ = {isa = PBXBuildFile; fileRef = 06F837BC1D3671750092CEDF /* ViewController.m */; };
		06F837C01D3671750092CEDF /* Main.storyboard in Resources */ = {isa = PBXBuildFile; fileRef = 06F837BE1D3671750092CEDF /* Main.storyboard */; };
		06F837C21D3671750092CEDF /* Assets.xcassets in Resources */ = {isa = PBXBuildFile; fileRef = 06F837C11D3671750092CEDF /* Assets.xcassets */; };
		06F837C51D3671750092CEDF /* LaunchScreen.storyboard in Resources */ = {isa = PBXBuildFile; fileRef = 06F837C31D3671750092CEDF /* LaunchScreen.storyboard */; };
		06F837D51D3673780092CEDF /* QRCodeReaderFramework.framework in Frameworks */ = {isa = PBXBuildFile; fileRef = 06F837D41D3673780092CEDF /* QRCodeReaderFramework.framework */; };
		06F837D61D3673830092CEDF /* QRCodeReaderFramework.framework in Frameworks */ = {isa = PBXBuildFile; fileRef = 06F837D41D3673780092CEDF /* QRCodeReaderFramework.framework */; };
		06F837D71D3673830092CEDF /* QRCodeReaderFramework.framework in Embed Frameworks */ = {isa = PBXBuildFile; fileRef = 06F837D41D3673780092CEDF /* QRCodeReaderFramework.framework */; settings = {ATTRIBUTES = (CodeSignOnCopy, RemoveHeadersOnCopy, ); }; };
/* End PBXBuildFile section */

/* Begin PBXCopyFilesBuildPhase section */
		06F837D31D3672B10092CEDF /* Embed Frameworks */ = {
			isa = PBXCopyFilesBuildPhase;
			buildActionMask = 2147483647;
			dstPath = "";
			dstSubfolderSpec = 10;
			files = (
				06F837D71D3673830092CEDF /* QRCodeReaderFramework.framework in Embed Frameworks */,
			);
			name = "Embed Frameworks";
			runOnlyForDeploymentPostprocessing = 0;
		};
/* End PBXCopyFilesBuildPhase section */

/* Begin PBXFileReference section */
		06F837B21D3671740092CEDF /* QRCodeReader.app */ = {isa = PBXFileReference; explicitFileType = wrapper.application; includeInIndex = 0; path = QRCodeReader.app; sourceTree = BUILT_PRODUCTS_DIR; };
		06F837B61D3671750092CEDF /* main.m */ = {isa = PBXFileReference; lastKnownFileType = sourcecode.c.objc; path = main.m; sourceTree = "<group>"; };
		06F837B81D3671750092CEDF /* AppDelegate.h */ = {isa = PBXFileReference; lastKnownFileType = sourcecode.c.h; path = AppDelegate.h; sourceTree = "<group>"; };
		06F837B91D3671750092CEDF /* AppDelegate.m */ = {isa = PBXFileReference; lastKnownFileType = sourcecode.c.objc; path = AppDelegate.m; sourceTree = "<group>"; };
		06F837BB1D3671750092CEDF /* ViewController.h */ = {isa = PBXFileReference; lastKnownFileType = sourcecode.c.h; path = ViewController.h; sourceTree = "<group>"; };
		06F837BC1D3671750092CEDF /* ViewController.m */ = {isa = PBXFileReference; lastKnownFileType = sourcecode.c.objc; path = ViewController.m; sourceTree = "<group>"; };
		06F837BF1D3671750092CEDF /* Base */ = {isa = PBXFileReference; lastKnownFileType = file.storyboard; name = Base; path = Base.lproj/Main.storyboard; sourceTree = "<group>"; };
		06F837C11D3671750092CEDF /* Assets.xcassets */ = {isa = PBXFileReference; lastKnownFileType = folder.assetcatalog; path = Assets.xcassets; sourceTree = "<group>"; };
		06F837C41D3671750092CEDF /* Base */ = {isa = PBXFileReference; lastKnownFileType = file.storyboard; name = Base; path = Base.lproj/LaunchScreen.storyboard; sourceTree = "<group>"; };
		06F837C61D3671750092CEDF /* Info.plist */ = {isa = PBXFileReference; lastKnownFileType = text.plist.xml; path = Info.plist; sourceTree = "<group>"; };
		06F837D41D3673780092CEDF /* QRCodeReaderFramework.framework */ = {isa = PBXFileReference; lastKnownFileType = wrapper.framework; path = QRCodeReaderFramework.framework; sourceTree = "<group>"; };
/* End PBXFileReference section */

/* Begin PBXFrameworksBuildPhase section */
		06F837AF1D3671740092CEDF /* Frameworks */ = {
			isa = PBXFrameworksBuildPhase;
			buildActionMask = 2147483647;
			files = (
				06F837D61D3673830092CEDF /* QRCodeReaderFramework.framework in Frameworks */,
				06F837D51D3673780092CEDF /* QRCodeReaderFramework.framework in Frameworks */,
			);
			runOnlyForDeploymentPostprocessing = 0;
		};
/* End PBXFrameworksBuildPhase section */

/* Begin PBXGroup section */
		06F837A91D3671740092CEDF = {
			isa = PBXGroup;
			children = (
				06F837D41D3673780092CEDF /* QRCodeReaderFramework.framework */,
				06F837B41D3671750092CEDF /* QRCodeReader */,
				06F837B31D3671740092CEDF /* Products */,
			);
			sourceTree = "<group>";
		};
		06F837B31D3671740092CEDF /* Products */ = {
			isa = PBXGroup;
			children = (
				06F837B21D3671740092CEDF /* QRCodeReader.app */,
			);
			name = Products;
			sourceTree = "<group>";
		};
		06F837B41D3671750092CEDF /* QRCodeReader */ = {
			isa = PBXGroup;
			children = (
				06F837B81D3671750092CEDF /* AppDelegate.h */,
				06F837B91D3671750092CEDF /* AppDelegate.m */,
				06F837BB1D3671750092CEDF /* ViewController.h */,
				06F837BC1D3671750092CEDF /* ViewController.m */,
				06F837BE1D3671750092CEDF /* Main.storyboard */,
				06F837C11D3671750092CEDF /* Assets.xcassets */,
				06F837C31D3671750092CEDF /* LaunchScreen.storyboard */,
				06F837C61D3671750092CEDF /* Info.plist */,
				06F837B51D3671750092CEDF /* Supporting Files */,
			);
			path = QRCodeReader;
			sourceTree = "<group>";
		};
		06F837B51D3671750092CEDF /* Supporting Files */ = {
			isa = PBXGroup;
			children = (
				06F837B61D3671750092CEDF /* main.m */,
			);
			name = "Supporting Files";
			sourceTree = "<group>";
		};
/* End PBXGroup section */

/* Begin PBXNativeTarget section */
		06F837B11D3671740092CEDF /* QRCodeReader */ = {
			isa = PBXNativeTarget;
			buildConfigurationList = 06F837C91D3671750092CEDF /* Build configuration list for PBXNativeTarget "QRCodeReader" */;
			buildPhases = (
				06F837AE1D3671740092CEDF /* Sources */,
				06F837AF1D3671740092CEDF /* Frameworks */,
				06F837B01D3671740092CEDF /* Resources */,
				06F837D31D3672B10092CEDF /* Embed Frameworks */,
			);
			buildRules = (
			);
			dependencies = (
			);
			name = QRCodeReader;
			productName = QRCodeReader;
			productReference = 06F837B21D3671740092CEDF /* QRCodeReader.app */;
			productType = "com.apple.product-type.application";
		};
/* End PBXNativeTarget section */

/* Begin PBXProject section */
		06F837AA1D3671740092CEDF /* Project object */ = {
			isa = PBXProject;
			attributes = {
				LastUpgradeCheck = 0730;
				ORGANIZATIONNAME = BBITSDev;
				TargetAttributes = {
					06F837B11D3671740092CEDF = {
						CreatedOnToolsVersion = 7.3;
					};
				};
			};
			buildConfigurationList = 06F837AD1D3671740092CEDF /* Build configuration list for PBXProject "QRCodeReader" */;
			compatibilityVersion = "Xcode 3.2";
			developmentRegion = English;
			hasScannedForEncodings = 0;
			knownRegions = (
				en,
				Base,
			);
			mainGroup = 06F837A91D3671740092CEDF;
			productRefGroup = 06F837B31D3671740092CEDF /* Products */;
			projectDirPath = "";
			projectRoot = "";
			targets = (
				06F837B11D3671740092CEDF /* QRCodeReader */,
			);
		};
/* End PBXProject section */

/* Begin PBXResourcesBuildPhase section */
		06F837B01D3671740092CEDF /* Resources */ = {
			isa = PBXResourcesBuildPhase;
			buildActionMask = 2147483647;
			files = (
				06F837C51D3671750092CEDF /* LaunchScreen.storyboard in Resources */,
				06F837C21D3671750092CEDF /* Assets.xcassets in Resources */,
				06F837C01D3671750092CEDF /* Main.storyboard in Resources */,
			);
			runOnlyForDeploymentPostprocessing = 0;
		};
/* End PBXResourcesBuildPhase section */

/* Begin PBXSourcesBuildPhase section */
		06F837AE1D3671740092CEDF /* Sources */ = {
			isa = PBXSourcesBuildPhase;
			buildActionMask = 2147483647;
			files = (
				06F837BD1D3671750092CEDF /* ViewController.m in Sources */,
				06F837BA1D3671750092CEDF /* AppDelegate.m in Sources */,
				06F837B71D3671750092CEDF /* main.m in Sources */,
			);
			runOnlyForDeploymentPostprocessing = 0;
		};
/* End PBXSourcesBuildPhase section */

/* Begin PBXVariantGroup section */
		06F837BE1D3671750092CEDF /* Main.storyboard */ = {
			isa = PBXVariantGroup;
			children = (
				06F837BF1D3671750092CEDF /* Base */,
			);
			name = Main.storyboard;
			sourceTree = "<group>";
		};
		06F837C31D3671750092CEDF /* LaunchScreen.storyboard */ = {
			isa = PBXVariantGroup;
			children = (
				06F837C41D3671750092CEDF /* Base */,
			);
			name = LaunchScreen.storyboard;
			sourceTree = "<group>";
		};
/* End PBXVariantGroup section */

/* Begin XCBuildConfiguration section */
		06F837C71D3671750092CEDF /* Debug */ = {
			isa = XCBuildConfiguration;
			buildSettings = {
				ALWAYS_SEARCH_USER_PATHS = NO;
				CLANG_ANALYZER_NONNULL = YES;
				CLANG_CXX_LANGUAGE_STANDARD = "gnu++0x";
				CLANG_CXX_LIBRARY = "libc++";
				CLANG_ENABLE_MODULES = YES;
				CLANG_ENABLE_OBJC_ARC = YES;
				CLANG_WARN_BOOL_CONVERSION = YES;
				CLANG_WARN_CONSTANT_CONVERSION = YES;
				CLANG_WARN_DIRECT_OBJC_ISA_USAGE = YES_ERROR;
				CLANG_WARN_EMPTY_BODY = YES;
				CLANG_WARN_ENUM_CONVERSION = YES;
				CLANG_WARN_INT_CONVERSION = YES;
				CLANG_WARN_OBJC_ROOT_CLASS = YES_ERROR;
				CLANG_WARN_UNREACHABLE_CODE = YES;
				CLANG_WARN__DUPLICATE_METHOD_MATCH = YES;
				"CODE_SIGN_IDENTITY[sdk=iphoneos*]" = "iPhone Developer";
				COPY_PHASE_STRIP = NO;
				DEBUG_INFORMATION_FORMAT = dwarf;
				ENABLE_STRICT_OBJC_MSGSEND = YES;
				ENABLE_TESTABILITY = YES;
				GCC_C_LANGUAGE_STANDARD = gnu99;
				GCC_DYNAMIC_NO_PIC = NO;
				GCC_NO_COMMON_BLOCKS = YES;
				GCC_OPTIMIZATION_LEVEL = 0;
				GCC_PREPROCESSOR_DEFINITIONS = (
					"DEBUG=1",
					"$(inherited)",
				);
				GCC_WARN_64_TO_32_BIT_CONVERSION = YES;
				GCC_WARN_ABOUT_RETURN_TYPE = YES_ERROR;
				GCC_WARN_UNDECLARED_SELECTOR = YES;
				GCC_WARN_UNINITIALIZED_AUTOS = YES_AGGRESSIVE;
				GCC_WARN_UNUSED_FUNCTION = YES;
				GCC_WARN_UNUSED_VARIABLE = YES;
				IPHONEOS_DEPLOYMENT_TARGET = 9.3;
				MTL_ENABLE_DEBUG_INFO = YES;
				ONLY_ACTIVE_ARCH = YES;
				SDKROOT = iphoneos;
			};
			name = Debug;
		};
		06F837C81D3671750092CEDF /* Release */ = {
			isa = XCBuildConfiguration;
			buildSettings = {
				ALWAYS_SEARCH_USER_PATHS = NO;
				CLANG_ANALYZER_NONNULL = YES;
				CLANG_CXX_LANGUAGE_STANDARD = "gnu++0x";
				CLANG_CXX_LIBRARY = "libc++";
				CLANG_ENABLE_MODULES = YES;
				CLANG_ENABLE_OBJC_ARC = YES;
				CLANG_WARN_BOOL_CONVERSION = YES;
				CLANG_WARN_CONSTANT_CONVERSION = YES;
				CLANG_WARN_DIRECT_OBJC_ISA_USAGE = YES_ERROR;
				CLANG_WARN_EMPTY_BODY = YES;
				CLANG_WARN_ENUM_CONVERSION = YES;
				CLANG_WARN_INT_CONVERSION = YES;
				CLANG_WARN_OBJC_ROOT_CLASS = YES_ERROR;
				CLANG_WARN_UNREACHABLE_CODE = YES;
				CLANG_WARN__DUPLICATE_METHOD_MATCH = YES;
				"CODE_SIGN_IDENTITY[sdk=iphoneos*]" = "iPhone Developer";
				COPY_PHASE_STRIP = NO;
				DEBUG_INFORMATION_FORMAT = "dwarf-with-dsym";
				ENABLE_NS_ASSERTIONS = NO;
				ENABLE_STRICT_OBJC_MSGSEND = YES;
				GCC_C_LANGUAGE_STANDARD = gnu99;
				GCC_NO_COMMON_BLOCKS = YES;
				GCC_WARN_64_TO_32_BIT_CONVERSION = YES;
				GCC_WARN_ABOUT_RETURN_TYPE = YES_ERROR;
				GCC_WARN_UNDECLARED_SELECTOR = YES;
				GCC_WARN_UNINITIALIZED_AUTOS = YES_AGGRESSIVE;
				GCC_WARN_UNUSED_FUNCTION = YES;
				GCC_WARN_UNUSED_VARIABLE = YES;
				IPHONEOS_DEPLOYMENT_TARGET = 9.3;
				MTL_ENABLE_DEBUG_INFO = NO;
				SDKROOT = iphoneos;
				VALIDATE_PRODUCT = YES;
			};
			name = Release;
		};
		06F837CA1D3671750092CEDF /* Debug */ = {
			isa = XCBuildConfiguration;
			buildSettings = {
				ASSETCATALOG_COMPILER_APPICON_NAME = AppIcon;
				FRAMEWORK_SEARCH_PATHS = (
					"$(inherited)",
					"$(PROJECT_DIR)",
				);
				INFOPLIST_FILE = QRCodeReader/Info.plist;
				IPHONEOS_DEPLOYMENT_TARGET = 8.0;
				LD_RUNPATH_SEARCH_PATHS = "$(inherited) @executable_path/Frameworks";
				PRODUCT_BUNDLE_IDENTIFIER = com.qrCodeReader.QRCodeReader;
				PRODUCT_NAME = "$(TARGET_NAME)";
			};
			name = Debug;
		};
		06F837CB1D3671750092CEDF /* Release */ = {
			isa = XCBuildConfiguration;
			buildSettings = {
				ASSETCATALOG_COMPILER_APPICON_NAME = AppIcon;
				FRAMEWORK_SEARCH_PATHS = (
					"$(inherited)",
					"$(PROJECT_DIR)",
				);
				INFOPLIST_FILE = QRCodeReader/Info.plist;
				IPHONEOS_DEPLOYMENT_TARGET = 8.0;
				LD_RUNPATH_SEARCH_PATHS = "$(inherited) @executable_path/Frameworks";
				PRODUCT_BUNDLE_IDENTIFIER = com.qrCodeReader.QRCodeReader;
				PRODUCT_NAME = "$(TARGET_NAME)";
			};
			name = Release;
		};
/* End XCBuildConfiguration section */

/* Begin XCConfigurationList section */
		06F837AD1D3671740092CEDF /* Build configuration list for PBXProject "QRCodeReader" */ = {
			isa = XCConfigurationList;
			buildConfigurations = (
				06F837C71D3671750092CEDF /* Debug */,
				06F837C81D3671750092CEDF /* Release */,
			);
			defaultConfigurationIsVisible = 0;
			defaultConfigurationName = Release;
		};
		06F837C91D3671750092CEDF /* Build configuration list for PBXNativeTarget "QRCodeReader" */ = {
			isa = XCConfigurationList;
			buildConfigurations = (
				06F837CA1D3671750092CEDF /* Debug */,
				06F837CB1D3671750092CEDF /* Release */,
			);
			defaultConfigurationIsVisible = 0;
			defaultConfigurationName = Release;
		};
/* End XCConfigurationList section */
	};
	rootObject = 06F837AA1D3671740092CEDF /* Project object */;
}
